{
  "version": 4,
  "terraform_version": "1.12.2",
  "serial": 67,
  "lineage": "3f373cae-14b3-f576-c1e1-88e825e17f42",
  "outputs": {
    "instance_id": {
      "value": "i-03768592833170b8d",
      "type": "string"
    },
    "public_dns": {
      "value": "ec2-65-0-176-141.ap-south-1.compute.amazonaws.com",
      "type": "string"
    },
    "public_ip": {
      "value": "65.0.176.141",
      "type": "string"
    },
    "ssh_command": {
      "value": "ssh -i ~/.ssh/syook_encryption_app_key ubuntu@65.0.176.141",
      "type": "string"
    }
  },
  "resources": [
    {
      "mode": "managed",
      "type": "aws_instance",
      "name": "ec2_instance",
      "provider": "provider[\"registry.terraform.io/hashicorp/aws\"]",
      "instances": [
        {
          "schema_version": 2,
          "attributes": {
            "ami": "ami-0f58b397bc5c1f2e8",
            "arn": "arn:aws:ec2:ap-south-1:010928215787:instance/i-03768592833170b8d",
            "associate_public_ip_address": true,
            "availability_zone": "ap-south-1b",
            "capacity_reservation_specification": [
              {
                "capacity_reservation_preference": "open",
                "capacity_reservation_target": []
              }
            ],
            "cpu_options": [
              {
                "amd_sev_snp": "",
                "core_count": 1,
                "nested_virtualization": "",
                "threads_per_core": 1
              }
            ],
            "credit_specification": [
              {
                "cpu_credits": "standard"
              }
            ],
            "disable_api_stop": false,
            "disable_api_termination": false,
            "ebs_block_device": [],
            "ebs_optimized": false,
            "enable_primary_ipv6": null,
            "enclave_options": [
              {
                "enabled": false
              }
            ],
            "ephemeral_block_device": [],
            "force_destroy": false,
            "get_password_data": false,
            "hibernation": false,
            "host_id": "",
            "host_resource_group_arn": null,
            "iam_instance_profile": "",
            "id": "i-03768592833170b8d",
            "instance_initiated_shutdown_behavior": "stop",
            "instance_lifecycle": "",
            "instance_market_options": [],
            "instance_state": "running",
            "instance_type": "t2.micro",
            "ipv6_address_count": 0,
            "ipv6_addresses": [],
            "key_name": "syook-encryption-app-key",
            "launch_template": [],
            "maintenance_options": [
              {
                "auto_recovery": "default"
              }
            ],
            "metadata_options": [
              {
                "http_endpoint": "enabled",
                "http_protocol_ipv6": "disabled",
                "http_put_response_hop_limit": 2,
                "http_tokens": "required",
                "instance_metadata_tags": "disabled"
              }
            ],
            "monitoring": false,
            "network_interface": [],
            "outpost_arn": "",
            "password_data": "",
            "placement_group": "",
            "placement_group_id": "",
            "placement_partition_number": 0,
            "primary_network_interface": [
              {
                "delete_on_termination": true,
                "network_interface_id": "eni-0b4db7ae75c043c86"
              }
            ],
            "primary_network_interface_id": "eni-0b4db7ae75c043c86",
            "private_dns": "ip-172-31-13-226.ap-south-1.compute.internal",
            "private_dns_name_options": [
              {
                "enable_resource_name_dns_a_record": false,
                "enable_resource_name_dns_aaaa_record": false,
                "hostname_type": "ip-name"
              }
            ],
            "private_ip": "172.31.13.226",
            "public_dns": "ec2-65-0-176-141.ap-south-1.compute.amazonaws.com",
            "public_ip": "65.0.176.141",
            "region": "ap-south-1",
            "root_block_device": [
              {
                "delete_on_termination": true,
                "device_name": "/dev/sda1",
                "encrypted": false,
                "iops": 3000,
                "kms_key_id": "",
                "tags": {},
                "tags_all": {},
                "throughput": 125,
                "volume_id": "vol-0bc3eae9bce2bcec7",
                "volume_size": 20,
                "volume_type": "gp3"
              }
            ],
            "secondary_network_interface": [],
            "secondary_private_ips": [],
            "security_groups": [
              "allow_ssh_and_app"
            ],
            "source_dest_check": true,
            "spot_instance_request_id": "",
            "subnet_id": "subnet-0641fddd7f472f258",
            "tags": {
              "Name": "syook-encryption-app-instance"
            },
            "tags_all": {
              "Name": "syook-encryption-app-instance"
            },
            "tenancy": "default",
            "timeouts": null,
            "user_data": "#!/bin/bash\nset -e\n\n# ── System update ────────────────────────────────────────────────\napt-get update -y\napt-get upgrade -y\n\n# ── Docker prerequisites ─────────────────────────────────────────\napt-get install -y \\\n  ca-certificates \\\n  curl \\\n  gnupg \\\n  lsb-release \\\n  git\n\n# ── Add Docker's official GPG key \u0026 repo ─────────────────────────\ninstall -m 0755 -d /etc/apt/keyrings\ncurl -fsSL https://download.docker.com/linux/ubuntu/gpg \\\n  | gpg --dearmor -o /etc/apt/keyrings/docker.gpg\nchmod a+r /etc/apt/keyrings/docker.gpg\n\necho \\\n  \"deb [arch=$(dpkg --print-architecture) signed-by=/etc/apt/keyrings/docker.gpg] \\\n  https://download.docker.com/linux/ubuntu \\\n  $(lsb_release -cs) stable\" \\\n  | tee /etc/apt/sources.list.d/docker.list \u003e /dev/null\n\n# ── Install Docker Engine + Compose plugin ────────────────────────\napt-get update -y\napt-get install -y \\\n  docker-ce \\\n  docker-ce-cli \\\n  containerd.io \\\n  docker-buildx-plugin \\\n  docker-compose-plugin\n\n# ── Enable \u0026 start Docker ─────────────────────────────────────────\nsystemctl enable docker\nsystemctl start docker\n\n# ── Allow ubuntu user to run Docker without sudo ──────────────────\nusermod -aG docker ubuntu\n\n# ── Verify installations (logged to /var/log/user-data.log) ───────\ndocker --version\ndocker compose version\n",
            "user_data_base64": null,
            "user_data_replace_on_change": false,
            "volume_tags": null,
            "vpc_security_group_ids": [
              "sg-0c86dd050da8d03c4"
            ]
          },
          "sensitive_attributes": [],
          "identity_schema_version": 0,
          "identity": {
            "account_id": "010928215787",
            "id": "i-03768592833170b8d",
            "region": "ap-south-1"
          },
          "private": "eyJlMmJmYjczMC1lY2FhLTExZTYtOGY4OC0zNDM2M2JjN2M0YzAiOnsiY3JlYXRlIjo2MDAwMDAwMDAwMDAsImRlbGV0ZSI6MTIwMDAwMDAwMDAwMCwicmVhZCI6OTAwMDAwMDAwMDAwLCJ1cGRhdGUiOjYwMDAwMDAwMDAwMH0sInNjaGVtYV92ZXJzaW9uIjoiMiJ9",
          "dependencies": [
            "aws_key_pair.ec2_key",
            "aws_security_group.ssh_sg"
          ]
        }
      ]
    },
    {
      "mode": "managed",
      "type": "aws_key_pair",
      "name": "ec2_key",
      "provider": "provider[\"registry.terraform.io/hashicorp/aws\"]",
      "instances": [
        {
          "schema_version": 1,
          "attributes": {
            "arn": "arn:aws:ec2:ap-south-1:010928215787:key-pair/syook-encryption-app-key",
            "fingerprint": "Q2pZHwgmDX7X8qBYIFn61P6lxCEE5CB33R3qyv96l9Q=",
            "id": "syook-encryption-app-key",
            "key_name": "syook-encryption-app-key",
            "key_name_prefix": "",
            "key_pair_id": "key-00c3c20708dd3bf19",
            "key_type": "ed25519",
            "public_key": "ssh-ed25519 AAAAC3NzaC1lZDI1NTE5AAAAIFv2JVHjr1F2SQe8CtIgngatDLxTPT1tfRlD4bePM2Xa prashant@Prashants-MacBook-Air.local",
            "region": "ap-south-1",
            "tags": {},
            "tags_all": {}
          },
          "sensitive_attributes": [],
          "identity_schema_version": 0,
          "private": "eyJzY2hlbWFfdmVyc2lvbiI6IjEifQ=="
        }
      ]
    },
    {
      "mode": "managed",
      "type": "aws_security_group",
      "name": "ssh_sg",
      "provider": "provider[\"registry.terraform.io/hashicorp/aws\"]",
      "instances": [
        {
          "schema_version": 1,
          "attributes": {
            "arn": "arn:aws:ec2:ap-south-1:010928215787:security-group/sg-0c86dd050da8d03c4",
            "description": "Allow SSH and frontend port inbound",
            "egress": [
              {
                "cidr_blocks": [
                  "0.0.0.0/0"
                ],
                "description": "",
                "from_port": 0,
                "ipv6_cidr_blocks": [],
                "prefix_list_ids": [],
                "protocol": "-1",
                "security_groups": [],
                "self": false,
                "to_port": 0
              }
            ],
            "id": "sg-0c86dd050da8d03c4",
            "ingress": [
              {
                "cidr_blocks": [
                  "0.0.0.0/0"
                ],
                "description": "Dashboard Backend",
                "from_port": 5000,
                "ipv6_cidr_blocks": [],
                "prefix_list_ids": [],
                "protocol": "tcp",
                "security_groups": [],
                "self": false,
                "to_port": 5000
              },
              {
                "cidr_blocks": [
                  "0.0.0.0/0"
                ],
                "description": "Dashboard Frontend",
                "from_port": 5173,
                "ipv6_cidr_blocks": [],
                "prefix_list_ids": [],
                "protocol": "tcp",
                "security_groups": [],
                "self": false,
                "to_port": 5173
              },
              {
                "cidr_blocks": [
                  "0.0.0.0/0"
                ],
                "description": "SSH from my IP",
                "from_port": 22,
                "ipv6_cidr_blocks": [],
                "prefix_list_ids": [],
                "protocol": "tcp",
                "security_groups": [],
                "self": false,
                "to_port": 22
              }
            ],
            "name": "allow_ssh_and_app",
            "name_prefix": "",
            "owner_id": "010928215787",
            "region": "ap-south-1",
            "revoke_rules_on_delete": false,
            "tags": {},
            "tags_all": {},
            "timeouts": null,
            "vpc_id": "vpc-04aa963155114294f"
          },
          "sensitive_attributes": [],
          "identity_schema_version": 0,
          "identity": {
            "account_id": "010928215787",
            "id": "sg-0c86dd050da8d03c4",
            "region": "ap-south-1"
          },
          "private": "eyJlMmJmYjczMC1lY2FhLTExZTYtOGY4OC0zNDM2M2JjN2M0YzAiOnsiY3JlYXRlIjo2MDAwMDAwMDAwMDAsImRlbGV0ZSI6OTAwMDAwMDAwMDAwfSwic2NoZW1hX3ZlcnNpb24iOiIxIn0="
        }
      ]
    }
  ],
  "check_results": null
}
